alabaster==1.0.0
anyascii==0.3.2
asgiref==3.8.1
attrdict==2.0.1
attrs==25.3.0
babel==2.17.0
beautifulsoup4==4.11.2
bleach==6.2.0
certifi==2025.6.15
cfgv==3.4.0
charset-normalizer==3.4.2
commonmark==0.9.1
coverage==7.9.1
defusedxml==0.7.1
distlib==0.3.9
Django==5.0.14
django-admin-sortable2==2.2.8
django-apptemplates==1.5
django-cas-ng==5.0.1
django-cogwheels==0.3
django-dbml==0.10.1
django-debug-toolbar==5.2.0
django-filter==23.5
django-fullurl==1.4
django-modelcluster==6.4
django-permissionedforms==0.1
django-split-settings==1.3.2
django-taggit==4.0.0
django-treebeard==4.7.1
djangorestframework==3.16.0
docutils==0.21.2
draftjs-exporter==2.1.7
et_xmlfile==2.0.0
factory_boy==3.3.3
Faker==37.4.0
filelock==3.18.0
filetype==1.2.0
h11==0.16.0
html5lib==1.1
icalendar==6.3.1
identify==2.6.12
idna==3.10
imagesize==1.4.1
iniconfig==2.1.0
Jinja2==3.1.6
l18n==2021.3
ldap3==2.9.1
lxml==5.4.0
MarkupSafe==3.0.2
nodeenv==1.9.1
numpy==2.3.1
opencv-python==4.11.0.86
openpyxl==3.1.5
outcome==1.3.0.post0
packaging==25.0
percy-selenium==2.1.2
pillow==10.4.0
pillow_heif==0.22.0
platformdirs==4.3.8
pluggy==1.6.0
pre_commit==4.2.0
psycopg2-binary==2.9.10
pucas==0.9.1
pyasn1==0.6.1
Pygments==2.19.2
PySocks==1.7.1
pytest==8.4.1
pytest-cov==6.2.1
pytest-django==4.11.1
pytest-ordering==0.6
python-cas==1.6.0
python-dateutil==2.9.0.post0
pytz==2025.2
PyYAML==6.0.2
recommonmark==0.7.1
requests==2.32.4
roman-numerals-py==3.1.0
selenium==4.33.0
six==1.17.0
sniffio==1.3.1
snowballstemmer==3.0.1
sortedcontainers==2.4.0
soupsieve==2.7
Sphinx==8.2.3
sphinxcontrib-applehelp==2.0.0
sphinxcontrib-devhelp==2.0.0
sphinxcontrib-htmlhelp==2.1.0
sphinxcontrib-jsmath==1.0.1
sphinxcontrib-qthelp==2.0.0
sphinxcontrib-serializinghtml==2.0.0
springkit @ file:///Users/ht8933/Documents/dev/cdh-web/springkit_wagtail-dev.zip#sha256=fbf89ff3b79148f50458c1ddc684d0d0e383001a14c2cb436ccd9f34839c46b4
sqlparse==0.5.3
telepath==0.3.1
trio==0.30.0
trio-websocket==0.12.2
typing_extensions==4.13.2
tzdata==2025.2
urllib3==2.4.0
virtualenv==20.31.2
wagtail==5.2.8
wagtail-autocomplete==0.12.0
wagtail-factories==4.2.1
wagtail-modeladmin==1.0.0
wagtailcodeblock==1.29.0.2
wagtailmenus==4.0.2
webencodings==0.5.1
websocket-client==1.8.0
Willow==1.6.3
wsproto==1.2.0
